
Microsoft Visual Studio Solution File, Format Version 12.00
# Visual Studio Version 16
VisualStudioVersion = 16.0.31313.79
MinimumVisualStudioVersion = 10.0.40219.1
Project("{FAE04EC0-301F-11D3-BF4B-00C04F79EFBC}") = "DemoExercise3", "DemoExercise3\DemoExercise3.csproj", "{355A4783-F2DC-4279-9FB5-F1798E1DC632}"
EndProject
Global
	GlobalSection(SolutionConfigurationPlatforms) = preSolution
		Debug|Any CPU = Debug|Any CPU
		Release|Any CPU = Release|Any CPU
	EndGlobalSection
	GlobalSection(ProjectConfigurationPlatforms) = postSolution
		{355A4783-F2DC-4279-9FB5-F1798E1DC632}.Debug|Any CPU.ActiveCfg = Debug|Any CPU
		{355A4783-F2DC-4279-9FB5-F1798E1DC632}.Debug|Any CPU.Build.0 = Debug|Any CPU
		{355A4783-F2DC-4279-9FB5-F1798E1DC632}.Release|Any CPU.ActiveCfg = Release|Any CPU
		{355A4783-F2DC-4279-9FB5-F1798E1DC632}.Release|Any CPU.Build.0 = Release|Any CPU
	EndGlobalSection
	GlobalSection(SolutionProperties) = preSolution
		HideSolutionNode = FALSE
	EndGlobalSection
	GlobalSection(ExtensibilityGlobals) = postSolution
		SolutionGuid = {0B79A8AD-40ED-423D-A482-78725C74F2B0}
	EndGlobalSection
EndGlobal
